
Microsoft Visual Studio Solution File, Format Version 12.00
# Visual Studio Version 17
VisualStudioVersion = 17.5.002.0
MinimumVisualStudioVersion = 10.0.40219.1
Project("{9A19103F-16F7-4668-BE54-9A1E7A4F7556}") = "Урок 5. Функции и одномерные массивы", "Урок 5. Функции и одномерные массивы.csproj", "{8F0F46F6-9093-4048-A862-C1D22FF03D20}"
EndProject
Global
	GlobalSection(SolutionConfigurationPlatforms) = preSolution
		Debug|Any CPU = Debug|Any CPU
		Release|Any CPU = Release|Any CPU
	EndGlobalSection
	GlobalSection(ProjectConfigurationPlatforms) = postSolution
		{8F0F46F6-9093-4048-A862-C1D22FF03D20}.Debug|Any CPU.ActiveCfg = Debug|Any CPU
		{8F0F46F6-9093-4048-A862-C1D22FF03D20}.Debug|Any CPU.Build.0 = Debug|Any CPU
		{8F0F46F6-9093-4048-A862-C1D22FF03D20}.Release|Any CPU.ActiveCfg = Release|Any CPU
		{8F0F46F6-9093-4048-A862-C1D22FF03D20}.Release|Any CPU.Build.0 = Release|Any CPU
	EndGlobalSection
	GlobalSection(SolutionProperties) = preSolution
		HideSolutionNode = FALSE
	EndGlobalSection
	GlobalSection(ExtensibilityGlobals) = postSolution
		SolutionGuid = {52084BE8-AA85-4809-8C20-3A86CC455B35}
	EndGlobalSection
EndGlobal
