
Microsoft Visual Studio Solution File, Format Version 12.00
# Visual Studio Version 17
VisualStudioVersion = 17.5.002.0
MinimumVisualStudioVersion = 10.0.40219.1
Project("{9A19103F-16F7-4668-BE54-9A1E7A4F7556}") = "Урок 3 функция продолжение", "Урок 3 функция продолжение.csproj", "{B8EC8DFD-EDCA-4B07-9130-FCBD99A4F755}"
EndProject
Global
	GlobalSection(SolutionConfigurationPlatforms) = preSolution
		Debug|Any CPU = Debug|Any CPU
		Release|Any CPU = Release|Any CPU
	EndGlobalSection
	GlobalSection(ProjectConfigurationPlatforms) = postSolution
		{B8EC8DFD-EDCA-4B07-9130-FCBD99A4F755}.Debug|Any CPU.ActiveCfg = Debug|Any CPU
		{B8EC8DFD-EDCA-4B07-9130-FCBD99A4F755}.Debug|Any CPU.Build.0 = Debug|Any CPU
		{B8EC8DFD-EDCA-4B07-9130-FCBD99A4F755}.Release|Any CPU.ActiveCfg = Release|Any CPU
		{B8EC8DFD-EDCA-4B07-9130-FCBD99A4F755}.Release|Any CPU.Build.0 = Release|Any CPU
	EndGlobalSection
	GlobalSection(SolutionProperties) = preSolution
		HideSolutionNode = FALSE
	EndGlobalSection
	GlobalSection(ExtensibilityGlobals) = postSolution
		SolutionGuid = {2E2910A5-6C58-4879-95E8-83A3A1CFF7D3}
	EndGlobalSection
EndGlobal
